
Microsoft Visual Studio Solution File, Format Version 12.00
# Visual Studio Version 17
VisualStudioVersion = 17.3.32825.248
MinimumVisualStudioVersion = 10.0.40219.1
Project("{8BC9CEB8-8B4A-11D0-8D11-00A0C91BC942}") = "DragonsLake", "DragonsLake.vcxproj", "{1E1043F1-3485-4E7F-AA99-2CB8B19C3346}"
EndProject
Global
	GlobalSection(SolutionConfigurationPlatforms) = preSolution
		Debug|x64 = Debug|x64
		Debug|x86 = Debug|x86
		Release|x64 = Release|x64
		Release|x86 = Release|x86
	EndGlobalSection
	GlobalSection(ProjectConfigurationPlatforms) = postSolution
		{1E1043F1-3485-4E7F-AA99-2CB8B19C3346}.Debug|x64.ActiveCfg = Debug|x64
		{1E1043F1-3485-4E7F-AA99-2CB8B19C3346}.Debug|x64.Build.0 = Debug|x64
		{1E1043F1-3485-4E7F-AA99-2CB8B19C3346}.Debug|x86.ActiveCfg = Debug|Win32
		{1E1043F1-3485-4E7F-AA99-2CB8B19C3346}.Debug|x86.Build.0 = Debug|Win32
		{1E1043F1-3485-4E7F-AA99-2CB8B19C3346}.Release|x64.ActiveCfg = Release|x64
		{1E1043F1-3485-4E7F-AA99-2CB8B19C3346}.Release|x64.Build.0 = Release|x64
		{1E1043F1-3485-4E7F-AA99-2CB8B19C3346}.Release|x86.ActiveCfg = Release|Win32
		{1E1043F1-3485-4E7F-AA99-2CB8B19C3346}.Release|x86.Build.0 = Release|Win32
	EndGlobalSection
	GlobalSection(SolutionProperties) = preSolution
		HideSolutionNode = FALSE
	EndGlobalSection
	GlobalSection(ExtensibilityGlobals) = postSolution
		SolutionGuid = {E18EB1D3-306C-4CB2-B005-AAA76FDF1B4A}
	EndGlobalSection
EndGlobal
